
Microsoft Visual Studio Solution File, Format Version 12.00
# Visual Studio Version 17
VisualStudioVersion = 17.14.36429.23 d17.14
MinimumVisualStudioVersion = 10.0.40219.1
Project("{FAE04EC0-301F-11D3-BF4B-00C04F79EFBC}") = "Exception-Handling-Lab-Ex-2-Reyes", "Exception-Handling-Lab-Ex-2-Reyes\Exception-Handling-Lab-Ex-2-Reyes.csproj", "{FBF415C9-0AED-4E96-95B5-04E488DF91EB}"
EndProject
Global
	GlobalSection(SolutionConfigurationPlatforms) = preSolution
		Debug|Any CPU = Debug|Any CPU
		Release|Any CPU = Release|Any CPU
	EndGlobalSection
	GlobalSection(ProjectConfigurationPlatforms) = postSolution
		{FBF415C9-0AED-4E96-95B5-04E488DF91EB}.Debug|Any CPU.ActiveCfg = Debug|Any CPU
		{FBF415C9-0AED-4E96-95B5-04E488DF91EB}.Debug|Any CPU.Build.0 = Debug|Any CPU
		{FBF415C9-0AED-4E96-95B5-04E488DF91EB}.Release|Any CPU.ActiveCfg = Release|Any CPU
		{FBF415C9-0AED-4E96-95B5-04E488DF91EB}.Release|Any CPU.Build.0 = Release|Any CPU
	EndGlobalSection
	GlobalSection(SolutionProperties) = preSolution
		HideSolutionNode = FALSE
	EndGlobalSection
	GlobalSection(ExtensibilityGlobals) = postSolution
		SolutionGuid = {87661A0A-59F1-4112-85E4-06FA29C4EEF5}
	EndGlobalSection
EndGlobal
